
Microsoft Visual Studio Solution File, Format Version 12.00
# Visual Studio Version 16
VisualStudioVersion = 16.0.30104.148
MinimumVisualStudioVersion = 10.0.40219.1
Project("{9A19103F-16F7-4668-BE54-9A1E7A4F7556}") = "wu-survival-kit", "wu-survival-kit.csproj", "{81F2A027-05C0-4732-8B23-1C2C07CF3831}"
EndProject
Project("{2150E333-8FDC-42A3-9474-1A3956D46DE8}") = "Client", "Client", "{AFCEDF9A-45A3-420A-B8A9-CEDDE7FD8AD5}"
EndProject
Project("{2150E333-8FDC-42A3-9474-1A3956D46DE8}") = "Core", "Core", "{3DDC86D1-81EF-415D-9EE5-376EC2D18D2A}"
EndProject
Project("{2150E333-8FDC-42A3-9474-1A3956D46DE8}") = "Services", "Services", "{0C54ECCE-A97E-4530-B6F8-CB5119D0DD3B}"
EndProject
Project("{2150E333-8FDC-42A3-9474-1A3956D46DE8}") = "Tests", "Tests", "{BE5E12A1-3513-44FB-BDC0-B7A1AB7D92AD}"
EndProject
Project("{2150E333-8FDC-42A3-9474-1A3956D46DE8}") = "LogAnalyzers", "LogAnalyzers", "{FEF590AB-18C6-495E-8872-512886770531}"
EndProject
Project("{9A19103F-16F7-4668-BE54-9A1E7A4F7556}") = "SkillLogAnalyzer", "..\Services\LogAnalyzers\SkillLogAnalyzer\SkillLogAnalyzer.csproj", "{7DAB3562-1080-4FB7-BE37-05DB1A448CA0}"
EndProject
Project("{FAE04EC0-301F-11D3-BF4B-00C04F79EFBC}") = "TabLogAnalyzer", "..\Services\LogAnalyzers\TabLogAnalyzer\TabLogAnalyzer.csproj", "{B349616C-9DC2-4BB2-AC5E-B4546B722C2A}"
EndProject
Project("{FAE04EC0-301F-11D3-BF4B-00C04F79EFBC}") = "LogAnalyzersInfra", "..\Services\LogAnalyzers\LogAnalyzersInfra\LogAnalyzersInfra.csproj", "{9A4655C8-7D88-4DCB-B7BF-F5D660091BE3}"
EndProject
Project("{2150E333-8FDC-42A3-9474-1A3956D46DE8}") = "Translators", "Translators", "{3B736EBA-A0EE-491A-830D-6A5136E17AFD}"
EndProject
Project("{FAE04EC0-301F-11D3-BF4B-00C04F79EFBC}") = "TranslatorsInfra", "..\Services\Translators\TranslatorsInfra\TranslatorsInfra.csproj", "{19366BEA-2864-4002-8A9C-AE32A3CB6AB7}"
EndProject
Project("{FAE04EC0-301F-11D3-BF4B-00C04F79EFBC}") = "GoogleTranslator", "..\Services\Translators\GoogleTranslator\GoogleTranslator.csproj", "{870EC10F-9B75-4929-9693-26F954B5478C}"
EndProject
Global
	GlobalSection(SolutionConfigurationPlatforms) = preSolution
		Debug|Any CPU = Debug|Any CPU
		Release|Any CPU = Release|Any CPU
	EndGlobalSection
	GlobalSection(ProjectConfigurationPlatforms) = postSolution
		{81F2A027-05C0-4732-8B23-1C2C07CF3831}.Debug|Any CPU.ActiveCfg = Debug|Any CPU
		{81F2A027-05C0-4732-8B23-1C2C07CF3831}.Debug|Any CPU.Build.0 = Debug|Any CPU
		{81F2A027-05C0-4732-8B23-1C2C07CF3831}.Release|Any CPU.ActiveCfg = Release|Any CPU
		{81F2A027-05C0-4732-8B23-1C2C07CF3831}.Release|Any CPU.Build.0 = Release|Any CPU
		{7DAB3562-1080-4FB7-BE37-05DB1A448CA0}.Debug|Any CPU.ActiveCfg = Debug|Any CPU
		{7DAB3562-1080-4FB7-BE37-05DB1A448CA0}.Debug|Any CPU.Build.0 = Debug|Any CPU
		{7DAB3562-1080-4FB7-BE37-05DB1A448CA0}.Release|Any CPU.ActiveCfg = Release|Any CPU
		{7DAB3562-1080-4FB7-BE37-05DB1A448CA0}.Release|Any CPU.Build.0 = Release|Any CPU
		{B349616C-9DC2-4BB2-AC5E-B4546B722C2A}.Debug|Any CPU.ActiveCfg = Debug|Any CPU
		{B349616C-9DC2-4BB2-AC5E-B4546B722C2A}.Debug|Any CPU.Build.0 = Debug|Any CPU
		{B349616C-9DC2-4BB2-AC5E-B4546B722C2A}.Release|Any CPU.ActiveCfg = Release|Any CPU
		{B349616C-9DC2-4BB2-AC5E-B4546B722C2A}.Release|Any CPU.Build.0 = Release|Any CPU
		{9A4655C8-7D88-4DCB-B7BF-F5D660091BE3}.Debug|Any CPU.ActiveCfg = Debug|Any CPU
		{9A4655C8-7D88-4DCB-B7BF-F5D660091BE3}.Debug|Any CPU.Build.0 = Debug|Any CPU
		{9A4655C8-7D88-4DCB-B7BF-F5D660091BE3}.Release|Any CPU.ActiveCfg = Release|Any CPU
		{9A4655C8-7D88-4DCB-B7BF-F5D660091BE3}.Release|Any CPU.Build.0 = Release|Any CPU
		{19366BEA-2864-4002-8A9C-AE32A3CB6AB7}.Debug|Any CPU.ActiveCfg = Debug|Any CPU
		{19366BEA-2864-4002-8A9C-AE32A3CB6AB7}.Debug|Any CPU.Build.0 = Debug|Any CPU
		{19366BEA-2864-4002-8A9C-AE32A3CB6AB7}.Release|Any CPU.ActiveCfg = Release|Any CPU
		{19366BEA-2864-4002-8A9C-AE32A3CB6AB7}.Release|Any CPU.Build.0 = Release|Any CPU
		{870EC10F-9B75-4929-9693-26F954B5478C}.Debug|Any CPU.ActiveCfg = Debug|Any CPU
		{870EC10F-9B75-4929-9693-26F954B5478C}.Debug|Any CPU.Build.0 = Debug|Any CPU
		{870EC10F-9B75-4929-9693-26F954B5478C}.Release|Any CPU.ActiveCfg = Release|Any CPU
		{870EC10F-9B75-4929-9693-26F954B5478C}.Release|Any CPU.Build.0 = Release|Any CPU
	EndGlobalSection
	GlobalSection(SolutionProperties) = preSolution
		HideSolutionNode = FALSE
	EndGlobalSection
	GlobalSection(NestedProjects) = preSolution
		{81F2A027-05C0-4732-8B23-1C2C07CF3831} = {AFCEDF9A-45A3-420A-B8A9-CEDDE7FD8AD5}
		{FEF590AB-18C6-495E-8872-512886770531} = {0C54ECCE-A97E-4530-B6F8-CB5119D0DD3B}
		{7DAB3562-1080-4FB7-BE37-05DB1A448CA0} = {FEF590AB-18C6-495E-8872-512886770531}
		{B349616C-9DC2-4BB2-AC5E-B4546B722C2A} = {FEF590AB-18C6-495E-8872-512886770531}
		{9A4655C8-7D88-4DCB-B7BF-F5D660091BE3} = {FEF590AB-18C6-495E-8872-512886770531}
		{3B736EBA-A0EE-491A-830D-6A5136E17AFD} = {0C54ECCE-A97E-4530-B6F8-CB5119D0DD3B}
		{19366BEA-2864-4002-8A9C-AE32A3CB6AB7} = {3B736EBA-A0EE-491A-830D-6A5136E17AFD}
		{870EC10F-9B75-4929-9693-26F954B5478C} = {3B736EBA-A0EE-491A-830D-6A5136E17AFD}
	EndGlobalSection
	GlobalSection(ExtensibilityGlobals) = postSolution
		SolutionGuid = {44E20FA5-16D2-4FB0-B845-4900A3DA1783}
	EndGlobalSection
EndGlobal
